dependencies:
- name: mongodb
  repository: https://charts.bitnami.com/bitnami
  version: 12.1.31
- name: rabbitmq
  repository: https://charts.bitnami.com/bitnami
  version: 8.32.2
digest: sha256:63aeaf42c10962030af7b3bf5bc8c249508a1fa5d9d716b079122dd268424fd9
generated: "2022-08-03T14:57:32.158731+02:00"
