dependencies:
- name: mongodb
  repository: https://charts.bitnami.com/bitnami
  version: 12.1.31
- name: rabbitmq
  repository: https://charts.bitnami.com/bitnami
  version: 10.1.9
digest: sha256:082891267431f583579a6467232021715f3dbb79de5cb275a7cbb34475ee7f3c
generated: "2022-09-08T11:38:13.372513+02:00"
